{
  "requires": true,
  "lockfileVersion": 1,
  "dependencies": {
    "path-parser": {
      "version": "4.2.0",
      "resolved": "https://registry.npmjs.org/path-parser/-/path-parser-4.2.0.tgz",
      "integrity": "sha512-MPPZiWTTp2I72VXmGQQfsn2ohrbd9QTbZSLYNS+HXsnQ37VbiLR/szO2R7DHaZA1V1scYxuxgyQerj+6kMTXtA==",
      "requires": {
        "search-params": "2.1.3"
      }
    },
    "search-params": {
      "version": "2.1.3",
      "resolved": "https://registry.npmjs.org/search-params/-/search-params-2.1.3.tgz",
      "integrity": "sha512-hHxU9ZGWpZ/lrFBIHndSnQae2in7ra+m+tBSoeAahSWDDgOgpZqs4bfaTZpljgNgAgTbjiQoJtZW6FKSsfEcDA=="
    }
  }
}
