{
  "requires": true,
  "lockfileVersion": 1,
  "dependencies": {
    "@progress/kendo-data-query": {
      "version": "1.0.0",
      "resolved": "https://registry.npmjs.org/@progress/kendo-data-query/-/kendo-data-query-1.0.0.tgz",
      "integrity": "sha1-8di4PpopaKHlXiJhAOYM4ueoPIE="
    },
    "@progress/kendo-date-math": {
      "version": "1.2.0",
      "resolved": "http://registry.npmjs.org/@progress/kendo-date-math/-/kendo-date-math-1.2.0.tgz",
      "integrity": "sha512-SVj6lSajwgI/dxqn+Gm1Pe1T8aaQkMmf/1ALETx2pii6SMLDLdCH9tp6Kp+M5t+NDqppLVrdMYDXWng9buiU8A==",
      "requires": {
        "tslib": "^1.7.0"
      }
    },
    "@progress/kendo-popup-common": {
      "version": "1.6.0",
      "resolved": "https://registry.npmjs.org/@progress/kendo-popup-common/-/kendo-popup-common-1.6.0.tgz",
      "integrity": "sha512-b560fcHaLrTmuap6POKpheoIQMJYbea+p7rKX2GOGZrxT2AGNxyWIHoi2nISxSbziCW2MB0R9LqAxAFXu4qymQ=="
    },
    "@progress/kendo-react-animation": {
      "version": "2.1.0",
      "resolved": "https://registry.npmjs.org/@progress/kendo-react-animation/-/kendo-react-animation-2.1.0.tgz",
      "integrity": "sha512-806FYEILe6iURFu3/X1j2gt2ZchCwKE5QoA2CljqVG7Ql5pILRX8DkDupS/3BqHuYoTLxxzpeSf7yS6ESQa/xg==",
      "requires": {
        "@progress/kendo-react-common": "2.1.0",
        "prop-types": "^15.6.0",
        "react-transition-group": "^2.2.0"
      }
    },
    "@progress/kendo-react-common": {
      "version": "2.1.0",
      "resolved": "https://registry.npmjs.org/@progress/kendo-react-common/-/kendo-react-common-2.1.0.tgz",
      "integrity": "sha512-J2K5Y22FzHgTGQRXz7OG8XagIfYVijtJ84NWYrq8M/RoDx25tDhCcLkq3BdKCgOObrwaOGPKaaFVvB547Gbupw==",
      "requires": {
        "prop-types": "^15.6.0"
      }
    },
    "@progress/kendo-react-dateinputs": {
      "version": "2.1.0",
      "resolved": "https://registry.npmjs.org/@progress/kendo-react-dateinputs/-/kendo-react-dateinputs-2.1.0.tgz",
      "integrity": "sha512-9cEXXyaS7GzVjLqMs7M2bp6SdKXqRZn11DQFLAHM+K4NXhaW5Xy1Jun+cnGbn0Yh5cptnCINJJ/NraVYi8pOPA==",
      "requires": {
        "@progress/kendo-date-math": "^1.0.3",
        "@progress/kendo-react-common": "2.1.0",
        "@progress/kendo-react-popup": "2.1.0",
        "prop-types": "^15.6.0"
      }
    },
    "@progress/kendo-react-dropdowns": {
      "version": "2.1.0",
      "resolved": "https://registry.npmjs.org/@progress/kendo-react-dropdowns/-/kendo-react-dropdowns-2.1.0.tgz",
      "integrity": "sha512-pNSJvG3wrWqRIZyYzfIEYLrToSrFsmGyZgtpP31/vVISzmDaTuuiQM3V23bToKxy9Ue3UDWFjtF0Hwazp7Y25w==",
      "requires": {
        "@progress/kendo-react-common": "2.1.0",
        "@progress/kendo-react-popup": "2.1.0",
        "prop-types": "^15.6.0"
      }
    },
    "@progress/kendo-react-grid": {
      "version": "2.1.0",
      "resolved": "https://registry.npmjs.org/@progress/kendo-react-grid/-/kendo-react-grid-2.1.0.tgz",
      "integrity": "sha512-/+Yl6uhJ1/f0pdu5ua7qr0ZAXgQ7KMf1eg7ZwBykvRQD46WS+Ae22iVdRW8jfHkUTTQX6FoJ0cQiaLji4ZHc+w==",
      "requires": {
        "@progress/kendo-react-common": "2.1.0",
        "@telerik/kendo-draggable": "^1.9.0",
        "prop-types": "^15.6.0"
      }
    },
    "@progress/kendo-react-inputs": {
      "version": "2.1.0",
      "resolved": "https://registry.npmjs.org/@progress/kendo-react-inputs/-/kendo-react-inputs-2.1.0.tgz",
      "integrity": "sha512-hEQJz4N9i7sDblFRyY+q21e4dQqRXEmbIqgRA3ZW9vRxqRZNxtpYnMdubOJUhTIfTxWj1tzgo8jHyn7goRZ/qw==",
      "requires": {
        "@progress/kendo-react-common": "2.1.0",
        "@telerik/kendo-draggable": "^1.9.0",
        "prop-types": "^15.6.0"
      }
    },
    "@progress/kendo-react-intl": {
      "version": "2.1.0",
      "resolved": "https://registry.npmjs.org/@progress/kendo-react-intl/-/kendo-react-intl-2.1.0.tgz",
      "integrity": "sha512-jP+JREcm6Kz/8N4IxwbCabb7LNmDMRJgbiuThLt51RRHrvqVGxAyN9K77WMdUFKNXfKNmKRa55w4LGRH47a3MQ==",
      "requires": {
        "@telerik/kendo-intl": "^1.3.0",
        "prop-types": "^15.6.0"
      }
    },
    "@progress/kendo-react-popup": {
      "version": "2.1.0",
      "resolved": "https://registry.npmjs.org/@progress/kendo-react-popup/-/kendo-react-popup-2.1.0.tgz",
      "integrity": "sha512-ZFV7ZOtFSeROCwmErL5ReNn6zNNwtwpDSu3jvkCHeRcTjKopWPMFK22jgXhOTOMv49eN7cbZc4SnnL5DAaZE/A==",
      "requires": {
        "@progress/kendo-popup-common": "^1.2.2",
        "@progress/kendo-react-animation": "2.1.0",
        "@progress/kendo-react-common": "2.1.0",
        "prop-types": "^15.6.0"
      }
    },
    "@progress/kendo-theme-default": {
      "version": "2.57.0",
      "resolved": "https://registry.npmjs.org/@progress/kendo-theme-default/-/kendo-theme-default-2.57.0.tgz",
      "integrity": "sha512-i6/nCmCYU3M3PdABtw/dBElO2tV/IPCZCgb5OVjWJWAMsygEQJHE/yVcPtckulc53vsH4SxWz2ufsybznXLqlw=="
    },
    "@telerik/kendo-draggable": {
      "version": "1.9.0",
      "resolved": "https://registry.npmjs.org/@telerik/kendo-draggable/-/kendo-draggable-1.9.0.tgz",
      "integrity": "sha512-B5zi4iLQdaSvpF0dFi1/u8Ej037nTsqTkW+FaZxyhCawfR+b1d8OSw9nQZtSeFW7VYvHwElPKCYXgV50NLMzrA=="
    },
    "@telerik/kendo-intl": {
      "version": "1.4.2",
      "resolved": "https://registry.npmjs.org/@telerik/kendo-intl/-/kendo-intl-1.4.2.tgz",
      "integrity": "sha512-4y9K9wAn9OoPmFTWW6QIFCST8KnuYYuN5sDXG+sR+P1E1Ogc6vtb+349NbhPNEfsbTLAOyI4G6DJPc6rwdQ0FA=="
    },
    "dom-helpers": {
      "version": "3.3.1",
      "resolved": "https://registry.npmjs.org/dom-helpers/-/dom-helpers-3.3.1.tgz",
      "integrity": "sha512-2Sm+JaYn74OiTM2wHvxJOo3roiq/h25Yi69Fqk269cNUwIXsCvATB6CRSFC9Am/20G2b28hGv/+7NiWydIrPvg=="
    },
    "js-tokens": {
      "version": "4.0.0",
      "resolved": "https://registry.npmjs.org/js-tokens/-/js-tokens-4.0.0.tgz",
      "integrity": "sha512-RdJUflcE3cUzKiMqQgsCu06FPu9UdIJO0beYbPhHN4k6apgJtifcoCtT9bcxOpYBtpD2kCM6Sbzg4CausW/PKQ=="
    },
    "loose-envify": {
      "version": "1.4.0",
      "resolved": "https://registry.npmjs.org/loose-envify/-/loose-envify-1.4.0.tgz",
      "integrity": "sha512-lyuxPGr/Wfhrlem2CL/UcnUc1zcqKAImBDzukY7Y5F/yQiNdko6+fRLevlw1HgMySw7f611UIY408EtxRSoK3Q==",
      "requires": {
        "js-tokens": "^3.0.0 || ^4.0.0"
      }
    },
    "object-assign": {
      "version": "4.1.1",
      "resolved": "https://registry.npmjs.org/object-assign/-/object-assign-4.1.1.tgz",
      "integrity": "sha1-IQmtx5ZYh8/AXLvUQsrIv7s2CGM="
    },
    "prop-types": {
      "version": "15.6.2",
      "resolved": "https://registry.npmjs.org/prop-types/-/prop-types-15.6.2.tgz",
      "integrity": "sha512-3pboPvLiWD7dkI3qf3KbUe6hKFKa52w+AE0VCqECtf+QHAKgOL37tTaNCnuX1nAAQ4ZhyP+kYVKf8rLmJ/feDQ==",
      "requires": {
        "loose-envify": "^1.3.1",
        "object-assign": "^4.1.1"
      }
    },
    "react": {
      "version": "16.5.2",
      "resolved": "https://registry.npmjs.org/react/-/react-16.5.2.tgz",
      "integrity": "sha512-FDCSVd3DjVTmbEAjUNX6FgfAmQ+ypJfHUsqUJOYNCBUp1h8lqmtC+0mXJ+JjsWx4KAVTkk1vKd1hLQPvEviSuw==",
      "requires": {
        "loose-envify": "^1.1.0",
        "object-assign": "^4.1.1",
        "prop-types": "^15.6.2",
        "schedule": "^0.5.0"
      }
    },
    "react-dom": {
      "version": "16.5.2",
      "resolved": "https://registry.npmjs.org/react-dom/-/react-dom-16.5.2.tgz",
      "integrity": "sha512-RC8LDw8feuZOHVgzEf7f+cxBr/DnKdqp56VU0lAs1f4UfKc4cU8wU4fTq/mgnvynLQo8OtlPC19NUFh/zjZPuA==",
      "requires": {
        "loose-envify": "^1.1.0",
        "object-assign": "^4.1.1",
        "prop-types": "^15.6.2",
        "schedule": "^0.5.0"
      }
    },
    "react-lifecycles-compat": {
      "version": "3.0.4",
      "resolved": "https://registry.npmjs.org/react-lifecycles-compat/-/react-lifecycles-compat-3.0.4.tgz",
      "integrity": "sha512-fBASbA6LnOU9dOU2eW7aQ8xmYBSXUIWr+UmF9b1efZBazGNO+rcXT/icdKnYm2pTwcRylVUYwW7H1PHfLekVzA=="
    },
    "react-transition-group": {
      "version": "2.5.0",
      "resolved": "https://registry.npmjs.org/react-transition-group/-/react-transition-group-2.5.0.tgz",
      "integrity": "sha512-qYB3JBF+9Y4sE4/Mg/9O6WFpdoYjeeYqx0AFb64PTazVy8RPMiE3A47CG9QmM4WJ/mzDiZYslV+Uly6O1Erlgw==",
      "requires": {
        "dom-helpers": "^3.3.1",
        "loose-envify": "^1.4.0",
        "prop-types": "^15.6.2",
        "react-lifecycles-compat": "^3.0.4"
      }
    },
    "schedule": {
      "version": "0.5.0",
      "resolved": "https://registry.npmjs.org/schedule/-/schedule-0.5.0.tgz",
      "integrity": "sha512-HUcJicG5Ou8xfR//c2rPT0lPIRR09vVvN81T9fqfVgBmhERUbDEQoYKjpBxbueJnCPpSu2ujXzOnRQt6x9o/jw==",
      "requires": {
        "object-assign": "^4.1.1"
      }
    },
    "tslib": {
      "version": "1.9.3",
      "resolved": "https://registry.npmjs.org/tslib/-/tslib-1.9.3.tgz",
      "integrity": "sha512-4krF8scpejhaOgqzBEcGM7yDIEfi0/8+8zDRZhNZZ2kjmHJ4hv3zCbQWxoJGz1iw5U0Jl0nma13xzHXcncMavQ=="
    }
  }
}
